# This file is generated by running "yarn install" inside your project.
# Manual changes might be lost - proceed with caution!

__metadata:
  version: 10
  cacheKey: 10c0

"@fixture/app@workspace:packages/app":
  version: 0.0.0-use.local
  resolution: "@fixture/app@workspace:packages/app"
  dependencies:
    "@fixture/core": "workspace:*"
    "@fixture/scoped": "file:../../fixture-packages/scoped"
    "@types/node": "npm:22.15.30"
    alias: "file:../../fixture-packages/scoped"
  languageName: unknown
  linkType: soft

"@fixture/core@workspace:*, @fixture/core@workspace:packages/core":
  version: 0.0.0-use.local
  resolution: "@fixture/core@workspace:packages/core"
  languageName: unknown
  linkType: soft

"@fixture/scoped@file:../../fixture-packages/scoped::locator=%40fixture%2Fapp%40workspace%3Apackages%2Fapp":
  version: 1.0.0
  resolution: "@fixture/scoped@file:../../fixture-packages/scoped#../../fixture-packages/scoped::hash=114c1c&locator=%40fixture%2Fapp%40workspace%3Apackages%2Fapp"
  checksum: 10c0/0a45ef036f78b2bba286bd065dd6b593bc4e1370d251c619bce8a837df30b9c64c9a4f2ce6c3e1ae01856536580310d8ac4e4a5acd9ac2dbbe99c95be470f94d
  languageName: node
  linkType: hard

"@fixture/scoped@file:./fixture-packages/scoped::locator=pnport-typescript-fixture%40workspace%3A.":
  version: 1.0.0
  resolution: "@fixture/scoped@file:./fixture-packages/scoped#./fixture-packages/scoped::hash=114c1c&locator=pnport-typescript-fixture%40workspace%3A."
  checksum: 10c0/0a45ef036f78b2bba286bd065dd6b593bc4e1370d251c619bce8a837df30b9c64c9a4f2ce6c3e1ae01856536580310d8ac4e4a5acd9ac2dbbe99c95be470f94d
  languageName: node
  linkType: hard

"@types/node@npm:22.15.30":
  version: 22.15.30
  resolution: "@types/node@npm:22.15.30"
  dependencies:
    undici-types: "npm:~6.21.0"
  checksum: 10c0/ca330ac0e7fd502686d6df115fcc606aba46fd334220f749bbba2f639accdadcb23f7900603ceccdc8240be736739cad5c0b87c0fa92c9255a4dff245f07d664
  languageName: node
  linkType: hard

"@typescript/typescript-darwin-arm64@npm:7.1.0-dev.20260812.1":
  version: 7.1.0-dev.20260812.1
  resolution: "@typescript/typescript-darwin-arm64@npm:7.1.0-dev.20260812.1"
  conditions: os=darwin & cpu=arm64
  languageName: node
  linkType: hard

"@typescript/typescript-darwin-x64@npm:7.1.0-dev.20260812.1":
  version: 7.1.0-dev.20260812.1
  resolution: "@typescript/typescript-darwin-x64@npm:7.1.0-dev.20260812.1"
  conditions: os=darwin & cpu=x64
  languageName: node
  linkType: hard

"@typescript/typescript-linux-arm64@npm:7.1.0-dev.20260812.1":
  version: 7.1.0-dev.20260812.1
  resolution: "@typescript/typescript-linux-arm64@npm:7.1.0-dev.20260812.1"
  conditions: os=linux & cpu=arm64
  languageName: node
  linkType: hard

"@typescript/typescript-linux-arm@npm:7.1.0-dev.20260812.1":
  version: 7.1.0-dev.20260812.1
  resolution: "@typescript/typescript-linux-arm@npm:7.1.0-dev.20260812.1"
  conditions: os=linux & cpu=arm
  languageName: node
  linkType: hard

"@typescript/typescript-linux-x64@npm:7.1.0-dev.20260812.1":
  version: 7.1.0-dev.20260812.1
  resolution: "@typescript/typescript-linux-x64@npm:7.1.0-dev.20260812.1"
  conditions: os=linux & cpu=x64
  languageName: node
  linkType: hard

"@typescript/typescript-win32-arm64@npm:7.1.0-dev.20260812.1":
  version: 7.1.0-dev.20260812.1
  resolution: "@typescript/typescript-win32-arm64@npm:7.1.0-dev.20260812.1"
  conditions: os=win32 & cpu=arm64
  languageName: node
  linkType: hard

"@typescript/typescript-win32-x64@npm:7.1.0-dev.20260812.1":
  version: 7.1.0-dev.20260812.1
  resolution: "@typescript/typescript-win32-x64@npm:7.1.0-dev.20260812.1"
  conditions: os=win32 & cpu=x64
  languageName: node
  linkType: hard

"alias@file:../../fixture-packages/scoped::locator=%40fixture%2Fapp%40workspace%3Apackages%2Fapp":
  version: 1.0.0
  resolution: "alias@file:../../fixture-packages/scoped#../../fixture-packages/scoped::hash=0fa743&locator=%40fixture%2Fapp%40workspace%3Apackages%2Fapp"
  checksum: 10c0/b6345f44eff001f9d28c6ee540d923d11872bfe1336aa889a8a3f2e9e25f4d43b40e57ace574476eb39bc8bf010759f9f9ff5a5319ccf9d6b4b4f413313c3efd
  languageName: node
  linkType: hard

"alias@file:./fixture-packages/scoped::locator=pnport-typescript-fixture%40workspace%3A.":
  version: 1.0.0
  resolution: "alias@file:./fixture-packages/scoped#./fixture-packages/scoped::hash=0fa743&locator=pnport-typescript-fixture%40workspace%3A."
  checksum: 10c0/b6345f44eff001f9d28c6ee540d923d11872bfe1336aa889a8a3f2e9e25f4d43b40e57ace574476eb39bc8bf010759f9f9ff5a5319ccf9d6b4b4f413313c3efd
  languageName: node
  linkType: hard

"pnport-typescript-fixture@workspace:.":
  version: 0.0.0-use.local
  resolution: "pnport-typescript-fixture@workspace:."
  dependencies:
    "@fixture/scoped": "file:./fixture-packages/scoped"
    "@types/node": "npm:22.15.30"
    alias: "file:./fixture-packages/scoped"
    typescript: "npm:7.1.0-dev.20260812.1"
  languageName: unknown
  linkType: soft

"typescript@npm:7.1.0-dev.20260812.1":
  version: 7.1.0-dev.20260812.1
  resolution: "typescript@npm:7.1.0-dev.20260812.1"
  dependencies:
    "@typescript/typescript-darwin-arm64": "npm:7.1.0-dev.20260812.1"
    "@typescript/typescript-darwin-x64": "npm:7.1.0-dev.20260812.1"
    "@typescript/typescript-linux-arm": "npm:7.1.0-dev.20260812.1"
    "@typescript/typescript-linux-arm64": "npm:7.1.0-dev.20260812.1"
    "@typescript/typescript-linux-x64": "npm:7.1.0-dev.20260812.1"
    "@typescript/typescript-win32-arm64": "npm:7.1.0-dev.20260812.1"
    "@typescript/typescript-win32-x64": "npm:7.1.0-dev.20260812.1"
  dependenciesMeta:
    "@typescript/typescript-darwin-arm64":
      optional: true
    "@typescript/typescript-darwin-x64":
      optional: true
    "@typescript/typescript-linux-arm":
      optional: true
    "@typescript/typescript-linux-arm64":
      optional: true
    "@typescript/typescript-linux-x64":
      optional: true
    "@typescript/typescript-win32-arm64":
      optional: true
    "@typescript/typescript-win32-x64":
      optional: true
  bin:
    tsc: bin/tsc
  checksum: 10c0/f3ab065ddfa23340e61ae9251db53672ab60865f0444b11b735e7a86accfb154ae9b2cc7b19f9265949ae6224f87fdff73d651a754bdda4ef2820f42d6098ddc
  languageName: node
  linkType: hard

"typescript@patch:typescript@npm%3A7.1.0-dev.20260812.1#optional!builtin<compat/typescript>":
  version: 7.1.0-dev.20260812.1
  resolution: "typescript@patch:typescript@npm%3A7.1.0-dev.20260812.1#optional!builtin<compat/typescript>::version=7.1.0-dev.20260812.1&hash=3bafbf"
  dependencies:
    "@typescript/typescript-darwin-arm64": "npm:7.1.0-dev.20260812.1"
    "@typescript/typescript-darwin-x64": "npm:7.1.0-dev.20260812.1"
    "@typescript/typescript-linux-arm": "npm:7.1.0-dev.20260812.1"
    "@typescript/typescript-linux-arm64": "npm:7.1.0-dev.20260812.1"
    "@typescript/typescript-linux-x64": "npm:7.1.0-dev.20260812.1"
    "@typescript/typescript-win32-arm64": "npm:7.1.0-dev.20260812.1"
    "@typescript/typescript-win32-x64": "npm:7.1.0-dev.20260812.1"
  dependenciesMeta:
    "@typescript/typescript-darwin-arm64":
      optional: true
    "@typescript/typescript-darwin-x64":
      optional: true
    "@typescript/typescript-linux-arm":
      optional: true
    "@typescript/typescript-linux-arm64":
      optional: true
    "@typescript/typescript-linux-x64":
      optional: true
    "@typescript/typescript-win32-arm64":
      optional: true
    "@typescript/typescript-win32-x64":
      optional: true
  bin:
    tsc: bin/tsc
  checksum: 10c0/4902ab05d9c2fa3dbbf05117e70ea0bc2e15b0593e05bfdfef01f8052df8a59434e2750e205d5ba670f991ed12ba0e0ed13de829368b5ca859642ecbd8116b37
  languageName: node
  linkType: hard

"undici-types@npm:~6.21.0":
  version: 6.21.0
  resolution: "undici-types@npm:6.21.0"
  checksum: 10c0/c01ed51829b10aa72fc3ce64b747f8e74ae9b60eafa19a7b46ef624403508a54c526ffab06a14a26b3120d055e1104d7abe7c9017e83ced038ea5cf52f8d5e04
  languageName: node
  linkType: hard
