<?xml version="1.0" encoding="UTF-8"?>
<!DOCTYPE plist PUBLIC "-//Apple//DTD PLIST 1.0//EN" "http://www.apple.com/DTDs/PropertyList-1.0.dtd">
<plist version="1.0">
<dict>
	<key>archiveVersion</key>
	<string>1</string>
	<key>classes</key>
	<dict/>
	<key>objectVersion</key>
	<string>56</string>
	<key>objects</key>
	<dict>
		<key>000000000000000000000001</key>
		<dict>
			<key>isa</key>
			<string>PBXFileReference</string>
			<key>lastKnownFileType</key>
			<string>sourcecode.swift</string>
			<key>path</key>
			<string>Shared/Snapshot.swift</string>
			<key>sourceTree</key>
			<string>&lt;group&gt;</string>
		</dict>
		<key>000000000000000000000002</key>
		<dict>
			<key>isa</key>
			<string>PBXFileReference</string>
			<key>lastKnownFileType</key>
			<string>sourcecode.swift</string>
			<key>path</key>
			<string>Shared/SnapshotStore.swift</string>
			<key>sourceTree</key>
			<string>&lt;group&gt;</string>
		</dict>
		<key>000000000000000000000003</key>
		<dict>
			<key>isa</key>
			<string>PBXFileReference</string>
			<key>lastKnownFileType</key>
			<string>file.intentdefinition</string>
			<key>path</key>
			<string>Shared/SelectServer.intentdefinition</string>
			<key>sourceTree</key>
			<string>&lt;group&gt;</string>
		</dict>
		<key>000000000000000000000004</key>
		<dict>
			<key>isa</key>
			<string>PBXFileReference</string>
			<key>lastKnownFileType</key>
			<string>sourcecode.swift</string>
			<key>path</key>
			<string>Widget/StatusWidget.swift</string>
			<key>sourceTree</key>
			<string>&lt;group&gt;</string>
		</dict>
		<key>000000000000000000000005</key>
		<dict>
			<key>isa</key>
			<string>PBXFileReference</string>
			<key>lastKnownFileType</key>
			<string>sourcecode.swift</string>
			<key>path</key>
			<string>Intent/IntentHandler.swift</string>
			<key>sourceTree</key>
			<string>&lt;group&gt;</string>
		</dict>
		<key>000000000000000000000006</key>
		<dict>
			<key>isa</key>
			<string>PBXBuildFile</string>
			<key>fileRef</key>
			<string>000000000000000000000001</string>
		</dict>
		<key>000000000000000000000007</key>
		<dict>
			<key>isa</key>
			<string>PBXBuildFile</string>
			<key>fileRef</key>
			<string>000000000000000000000002</string>
		</dict>
		<key>000000000000000000000008</key>
		<dict>
			<key>isa</key>
			<string>PBXBuildFile</string>
			<key>fileRef</key>
			<string>000000000000000000000003</string>
		</dict>
		<key>000000000000000000000009</key>
		<dict>
			<key>isa</key>
			<string>PBXBuildFile</string>
			<key>fileRef</key>
			<string>000000000000000000000004</string>
		</dict>
		<key>00000000000000000000000A</key>
		<dict>
			<key>isa</key>
			<string>PBXSourcesBuildPhase</string>
			<key>buildActionMask</key>
			<integer>2147483647</integer>
			<key>files</key>
			<array>
				<string>000000000000000000000006</string>
				<string>000000000000000000000007</string>
				<string>000000000000000000000008</string>
				<string>000000000000000000000009</string>
				<string>00000000000000000000AB01</string>
				<string>00000000000000000000AB02</string>
			</array>
			<key>runOnlyForDeploymentPostprocessing</key>
			<integer>0</integer>
		</dict>
		<key>00000000000000000000000B</key>
		<dict>
			<key>isa</key>
			<string>PBXFileReference</string>
			<key>explicitFileType</key>
			<string>wrapper.app-extension</string>
			<key>includeInIndex</key>
			<integer>0</integer>
			<key>path</key>
			<string>DeliDevWidget.appex</string>
			<key>sourceTree</key>
			<string>BUILT_PRODUCTS_DIR</string>
		</dict>
		<key>00000000000000000000000C</key>
		<dict>
			<key>isa</key>
			<string>XCBuildConfiguration</string>
			<key>name</key>
			<string>Debug</string>
			<key>buildSettings</key>
			<dict>
				<key>PRODUCT_NAME</key>
				<string>DeliDevWidget</string>
				<key>PRODUCT_BUNDLE_IDENTIFIER</key>
				<string>io.delino.delidev.widget</string>
				<key>PRODUCT_MODULE_NAME</key>
				<string>DeliDevWidget</string>
				<key>INFOPLIST_FILE</key>
				<string>Widget/Info.plist</string>
				<key>CODE_SIGN_ENTITLEMENTS</key>
				<string>Widget/Widget.entitlements</string>
				<key>SDKROOT</key>
				<string>macosx</string>
				<key>MACOSX_DEPLOYMENT_TARGET</key>
				<string>13.0</string>
				<key>SWIFT_VERSION</key>
				<string>5.0</string>
				<key>APPLICATION_EXTENSION_API_ONLY</key>
				<string>YES</string>
				<key>SKIP_INSTALL</key>
				<string>YES</string>
				<key>LD_RUNPATH_SEARCH_PATHS</key>
				<string>$(inherited) @executable_path/../Frameworks @executable_path/../../../../Frameworks</string>
				<key>MARKETING_VERSION</key>
				<string>0.1.0</string>
				<key>CURRENT_PROJECT_VERSION</key>
				<string>1</string>
				<key>CODE_SIGN_STYLE</key>
				<string>Manual</string>
				<key>CODE_SIGN_IDENTITY</key>
				<string>-</string>
				<key>GENERATE_INFOPLIST_FILE</key>
				<string>NO</string>
				<key>INTENTS_CODEGEN_LANGUAGE</key>
				<string>Swift</string>
				<key>SWIFT_OPTIMIZATION_LEVEL</key>
				<string>-Onone</string>
				<key>ALWAYS_SEARCH_USER_PATHS</key>
				<string>NO</string>
			</dict>
		</dict>
		<key>00000000000000000000000D</key>
		<dict>
			<key>isa</key>
			<string>XCBuildConfiguration</string>
			<key>name</key>
			<string>Release</string>
			<key>buildSettings</key>
			<dict>
				<key>PRODUCT_NAME</key>
				<string>DeliDevWidget</string>
				<key>PRODUCT_BUNDLE_IDENTIFIER</key>
				<string>io.delino.delidev.widget</string>
				<key>PRODUCT_MODULE_NAME</key>
				<string>DeliDevWidget</string>
				<key>INFOPLIST_FILE</key>
				<string>Widget/Info.plist</string>
				<key>CODE_SIGN_ENTITLEMENTS</key>
				<string>Widget/Widget.entitlements</string>
				<key>SDKROOT</key>
				<string>macosx</string>
				<key>MACOSX_DEPLOYMENT_TARGET</key>
				<string>13.0</string>
				<key>SWIFT_VERSION</key>
				<string>5.0</string>
				<key>APPLICATION_EXTENSION_API_ONLY</key>
				<string>YES</string>
				<key>SKIP_INSTALL</key>
				<string>YES</string>
				<key>LD_RUNPATH_SEARCH_PATHS</key>
				<string>$(inherited) @executable_path/../Frameworks @executable_path/../../../../Frameworks</string>
				<key>MARKETING_VERSION</key>
				<string>0.1.0</string>
				<key>CURRENT_PROJECT_VERSION</key>
				<string>1</string>
				<key>CODE_SIGN_STYLE</key>
				<string>Manual</string>
				<key>CODE_SIGN_IDENTITY</key>
				<string>-</string>
				<key>GENERATE_INFOPLIST_FILE</key>
				<string>NO</string>
				<key>INTENTS_CODEGEN_LANGUAGE</key>
				<string>Swift</string>
				<key>SWIFT_OPTIMIZATION_LEVEL</key>
				<string>-O</string>
				<key>ALWAYS_SEARCH_USER_PATHS</key>
				<string>NO</string>
			</dict>
		</dict>
		<key>00000000000000000000000E</key>
		<dict>
			<key>isa</key>
			<string>XCConfigurationList</string>
			<key>buildConfigurations</key>
			<array>
				<string>00000000000000000000000C</string>
				<string>00000000000000000000000D</string>
			</array>
			<key>defaultConfigurationIsVisible</key>
			<integer>0</integer>
			<key>defaultConfigurationName</key>
			<string>Release</string>
		</dict>
		<key>00000000000000000000000F</key>
		<dict>
			<key>isa</key>
			<string>PBXNativeTarget</string>
			<key>buildConfigurationList</key>
			<string>00000000000000000000000E</string>
			<key>buildPhases</key>
			<array>
				<string>00000000000000000000000A</string>
			</array>
			<key>buildRules</key>
			<array/>
			<key>dependencies</key>
			<array/>
			<key>name</key>
			<string>DeliDevWidget</string>
			<key>productName</key>
			<string>DeliDevWidget</string>
			<key>productReference</key>
			<string>00000000000000000000000B</string>
			<key>productType</key>
			<string>com.apple.product-type.app-extension</string>
		</dict>
		<key>000000000000000000000010</key>
		<dict>
			<key>isa</key>
			<string>PBXBuildFile</string>
			<key>fileRef</key>
			<string>000000000000000000000001</string>
		</dict>
		<key>000000000000000000000011</key>
		<dict>
			<key>isa</key>
			<string>PBXBuildFile</string>
			<key>fileRef</key>
			<string>000000000000000000000002</string>
		</dict>
		<key>000000000000000000000012</key>
		<dict>
			<key>isa</key>
			<string>PBXBuildFile</string>
			<key>fileRef</key>
			<string>000000000000000000000003</string>
		</dict>
		<key>000000000000000000000013</key>
		<dict>
			<key>isa</key>
			<string>PBXBuildFile</string>
			<key>fileRef</key>
			<string>000000000000000000000005</string>
		</dict>
		<key>000000000000000000000014</key>
		<dict>
			<key>isa</key>
			<string>PBXSourcesBuildPhase</string>
			<key>buildActionMask</key>
			<integer>2147483647</integer>
			<key>files</key>
			<array>
				<string>000000000000000000000010</string>
				<string>000000000000000000000011</string>
				<string>000000000000000000000012</string>
				<string>000000000000000000000013</string>
			</array>
			<key>runOnlyForDeploymentPostprocessing</key>
			<integer>0</integer>
		</dict>
		<key>000000000000000000000015</key>
		<dict>
			<key>isa</key>
			<string>PBXFileReference</string>
			<key>explicitFileType</key>
			<string>wrapper.app-extension</string>
			<key>includeInIndex</key>
			<integer>0</integer>
			<key>path</key>
			<string>DeliDevWidgetSelection.appex</string>
			<key>sourceTree</key>
			<string>BUILT_PRODUCTS_DIR</string>
		</dict>
		<key>000000000000000000000016</key>
		<dict>
			<key>isa</key>
			<string>XCBuildConfiguration</string>
			<key>name</key>
			<string>Debug</string>
			<key>buildSettings</key>
			<dict>
				<key>PRODUCT_NAME</key>
				<string>DeliDevWidgetSelection</string>
				<key>PRODUCT_BUNDLE_IDENTIFIER</key>
				<string>io.delino.delidev.widget.selection</string>
				<key>PRODUCT_MODULE_NAME</key>
				<string>DeliDevWidgetSelection</string>
				<key>INFOPLIST_FILE</key>
				<string>Intent/Info.plist</string>
				<key>CODE_SIGN_ENTITLEMENTS</key>
				<string>Intent/Widget.entitlements</string>
				<key>SDKROOT</key>
				<string>macosx</string>
				<key>MACOSX_DEPLOYMENT_TARGET</key>
				<string>13.0</string>
				<key>SWIFT_VERSION</key>
				<string>5.0</string>
				<key>APPLICATION_EXTENSION_API_ONLY</key>
				<string>YES</string>
				<key>SKIP_INSTALL</key>
				<string>YES</string>
				<key>LD_RUNPATH_SEARCH_PATHS</key>
				<string>$(inherited) @executable_path/../Frameworks @executable_path/../../../../Frameworks</string>
				<key>MARKETING_VERSION</key>
				<string>0.1.0</string>
				<key>CURRENT_PROJECT_VERSION</key>
				<string>1</string>
				<key>CODE_SIGN_STYLE</key>
				<string>Manual</string>
				<key>CODE_SIGN_IDENTITY</key>
				<string>-</string>
				<key>GENERATE_INFOPLIST_FILE</key>
				<string>NO</string>
				<key>INTENTS_CODEGEN_LANGUAGE</key>
				<string>Swift</string>
				<key>SWIFT_OPTIMIZATION_LEVEL</key>
				<string>-Onone</string>
				<key>ALWAYS_SEARCH_USER_PATHS</key>
				<string>NO</string>
			</dict>
		</dict>
		<key>000000000000000000000017</key>
		<dict>
			<key>isa</key>
			<string>XCBuildConfiguration</string>
			<key>name</key>
			<string>Release</string>
			<key>buildSettings</key>
			<dict>
				<key>PRODUCT_NAME</key>
				<string>DeliDevWidgetSelection</string>
				<key>PRODUCT_BUNDLE_IDENTIFIER</key>
				<string>io.delino.delidev.widget.selection</string>
				<key>PRODUCT_MODULE_NAME</key>
				<string>DeliDevWidgetSelection</string>
				<key>INFOPLIST_FILE</key>
				<string>Intent/Info.plist</string>
				<key>CODE_SIGN_ENTITLEMENTS</key>
				<string>Intent/Widget.entitlements</string>
				<key>SDKROOT</key>
				<string>macosx</string>
				<key>MACOSX_DEPLOYMENT_TARGET</key>
				<string>13.0</string>
				<key>SWIFT_VERSION</key>
				<string>5.0</string>
				<key>APPLICATION_EXTENSION_API_ONLY</key>
				<string>YES</string>
				<key>SKIP_INSTALL</key>
				<string>YES</string>
				<key>LD_RUNPATH_SEARCH_PATHS</key>
				<string>$(inherited) @executable_path/../Frameworks @executable_path/../../../../Frameworks</string>
				<key>MARKETING_VERSION</key>
				<string>0.1.0</string>
				<key>CURRENT_PROJECT_VERSION</key>
				<string>1</string>
				<key>CODE_SIGN_STYLE</key>
				<string>Manual</string>
				<key>CODE_SIGN_IDENTITY</key>
				<string>-</string>
				<key>GENERATE_INFOPLIST_FILE</key>
				<string>NO</string>
				<key>INTENTS_CODEGEN_LANGUAGE</key>
				<string>Swift</string>
				<key>SWIFT_OPTIMIZATION_LEVEL</key>
				<string>-O</string>
				<key>ALWAYS_SEARCH_USER_PATHS</key>
				<string>NO</string>
			</dict>
		</dict>
		<key>000000000000000000000018</key>
		<dict>
			<key>isa</key>
			<string>XCConfigurationList</string>
			<key>buildConfigurations</key>
			<array>
				<string>000000000000000000000016</string>
				<string>000000000000000000000017</string>
			</array>
			<key>defaultConfigurationIsVisible</key>
			<integer>0</integer>
			<key>defaultConfigurationName</key>
			<string>Release</string>
		</dict>
		<key>000000000000000000000019</key>
		<dict>
			<key>isa</key>
			<string>PBXNativeTarget</string>
			<key>buildConfigurationList</key>
			<string>000000000000000000000018</string>
			<key>buildPhases</key>
			<array>
				<string>000000000000000000000014</string>
			</array>
			<key>buildRules</key>
			<array/>
			<key>dependencies</key>
			<array/>
			<key>name</key>
			<string>DeliDevWidgetSelection</string>
			<key>productName</key>
			<string>DeliDevWidgetSelection</string>
			<key>productReference</key>
			<string>000000000000000000000015</string>
			<key>productType</key>
			<string>com.apple.product-type.app-extension</string>
		</dict>
		<key>00000000000000000000001A</key>
		<dict>
			<key>isa</key>
			<string>PBXGroup</string>
			<key>children</key>
			<array>
				<string>00000000000000000000000B</string>
				<string>000000000000000000000015</string>
			</array>
			<key>name</key>
			<string>Products</string>
			<key>sourceTree</key>
			<string>&lt;group&gt;</string>
		</dict>
		<key>00000000000000000000001B</key>
		<dict>
			<key>isa</key>
			<string>PBXGroup</string>
			<key>children</key>
			<array>
				<string>000000000000000000000001</string>
				<string>000000000000000000000002</string>
				<string>000000000000000000000003</string>
				<string>000000000000000000000004</string>
				<string>000000000000000000000005</string>
				<string>00000000000000000000001A</string>
				<string>00000000000000000000AA01</string>
				<string>00000000000000000000AA02</string>
			</array>
			<key>sourceTree</key>
			<string>&lt;group&gt;</string>
		</dict>
		<key>00000000000000000000001C</key>
		<dict>
			<key>isa</key>
			<string>XCBuildConfiguration</string>
			<key>name</key>
			<string>Debug</string>
			<key>buildSettings</key>
			<dict>
				<key>MACOSX_DEPLOYMENT_TARGET</key>
				<string>13.0</string>
				<key>SDKROOT</key>
				<string>macosx</string>
				<key>SWIFT_VERSION</key>
				<string>5.0</string>
				<key>ALWAYS_SEARCH_USER_PATHS</key>
				<string>NO</string>
			</dict>
		</dict>
		<key>00000000000000000000001D</key>
		<dict>
			<key>isa</key>
			<string>XCBuildConfiguration</string>
			<key>name</key>
			<string>Release</string>
			<key>buildSettings</key>
			<dict>
				<key>MACOSX_DEPLOYMENT_TARGET</key>
				<string>13.0</string>
				<key>SDKROOT</key>
				<string>macosx</string>
				<key>SWIFT_VERSION</key>
				<string>5.0</string>
				<key>ALWAYS_SEARCH_USER_PATHS</key>
				<string>NO</string>
			</dict>
		</dict>
		<key>00000000000000000000001E</key>
		<dict>
			<key>isa</key>
			<string>XCConfigurationList</string>
			<key>buildConfigurations</key>
			<array>
				<string>00000000000000000000001C</string>
				<string>00000000000000000000001D</string>
			</array>
			<key>defaultConfigurationIsVisible</key>
			<integer>0</integer>
			<key>defaultConfigurationName</key>
			<string>Release</string>
		</dict>
		<key>00000000000000000000001F</key>
		<dict>
			<key>isa</key>
			<string>PBXProject</string>
			<key>attributes</key>
			<dict>
				<key>LastUpgradeCheck</key>
				<string>1600</string>
			</dict>
			<key>buildConfigurationList</key>
			<string>00000000000000000000001E</string>
			<key>compatibilityVersion</key>
			<string>Xcode 14.0</string>
			<key>developmentRegion</key>
			<string>en</string>
			<key>hasScannedForEncodings</key>
			<integer>0</integer>
			<key>knownRegions</key>
			<array>
				<string>en</string>
				<string>Base</string>
			</array>
			<key>mainGroup</key>
			<string>00000000000000000000001B</string>
			<key>productRefGroup</key>
			<string>00000000000000000000001A</string>
			<key>projectDirPath</key>
			<string></string>
			<key>projectRoot</key>
			<string></string>
			<key>targets</key>
			<array>
				<string>00000000000000000000000F</string>
				<string>000000000000000000000019</string>
			</array>
		</dict>
		<key>00000000000000000000AA01</key>
		<dict>
			<key>isa</key>
			<string>PBXFileReference</string>
			<key>lastKnownFileType</key>
			<string>sourcecode.swift</string>
			<key>path</key>
			<string>Widget/StatusView.swift</string>
			<key>sourceTree</key>
			<string>&lt;group&gt;</string>
		</dict>
		<key>00000000000000000000AB01</key>
		<dict>
			<key>isa</key>
			<string>PBXBuildFile</string>
			<key>fileRef</key>
			<string>00000000000000000000AA01</string>
		</dict>
		<key>00000000000000000000AA02</key>
		<dict>
			<key>isa</key>
			<string>PBXFileReference</string>
			<key>lastKnownFileType</key>
			<string>sourcecode.swift</string>
			<key>path</key>
			<string>Widget/StatusEntry.swift</string>
			<key>sourceTree</key>
			<string>&lt;group&gt;</string>
		</dict>
		<key>00000000000000000000AB02</key>
		<dict>
			<key>isa</key>
			<string>PBXBuildFile</string>
			<key>fileRef</key>
			<string>00000000000000000000AA02</string>
		</dict>
	</dict>
	<key>rootObject</key>
	<string>00000000000000000000001F</string>
</dict>
</plist>
